
Microsoft Visual Studio Solution File, Format Version 12.00
# Visual Studio Version 16
VisualStudioVersion = 16.0.28803.352
MinimumVisualStudioVersion = 10.0.40219.1
Project("{9A19103F-16F7-4668-BE54-9A1E7A4F7556}") = "StringExample", "StringExample\StringExample.csproj", "{6F7F99FB-1AF6-4C91-AEC0-0D3272E299E1}"
EndProject
Project("{FAE04EC0-301F-11D3-BF4B-00C04F79EFBC}") = "ArrayOfStrings", "ArrayOfStrings\ArrayOfStrings.csproj", "{173AD6E9-6D11-4037-9148-2EB4D0CAFDE9}"
EndProject
Project("{FAE04EC0-301F-11D3-BF4B-00C04F79EFBC}") = "SplitJoin", "SplitJoin\SplitJoin.csproj", "{08ABDA46-79CE-4D25-B4D7-3722BADCFB18}"
EndProject
Project("{FAE04EC0-301F-11D3-BF4B-00C04F79EFBC}") = "ExampleStringBuilder", "ExampleStringBuilder\ExampleStringBuilder.csproj", "{B2ACE449-35B2-45DB-A313-3ADE4E82E83A}"
EndProject
Project("{FAE04EC0-301F-11D3-BF4B-00C04F79EFBC}") = "CharArray", "CharArray\CharArray.csproj", "{D9243FFD-912E-4605-B2B1-6B6AD1974338}"
EndProject
Global
	GlobalSection(SolutionConfigurationPlatforms) = preSolution
		Debug|Any CPU = Debug|Any CPU
		Release|Any CPU = Release|Any CPU
	EndGlobalSection
	GlobalSection(ProjectConfigurationPlatforms) = postSolution
		{6F7F99FB-1AF6-4C91-AEC0-0D3272E299E1}.Debug|Any CPU.ActiveCfg = Debug|Any CPU
		{6F7F99FB-1AF6-4C91-AEC0-0D3272E299E1}.Debug|Any CPU.Build.0 = Debug|Any CPU
		{6F7F99FB-1AF6-4C91-AEC0-0D3272E299E1}.Release|Any CPU.ActiveCfg = Release|Any CPU
		{6F7F99FB-1AF6-4C91-AEC0-0D3272E299E1}.Release|Any CPU.Build.0 = Release|Any CPU
		{173AD6E9-6D11-4037-9148-2EB4D0CAFDE9}.Debug|Any CPU.ActiveCfg = Debug|Any CPU
		{173AD6E9-6D11-4037-9148-2EB4D0CAFDE9}.Debug|Any CPU.Build.0 = Debug|Any CPU
		{173AD6E9-6D11-4037-9148-2EB4D0CAFDE9}.Release|Any CPU.ActiveCfg = Release|Any CPU
		{173AD6E9-6D11-4037-9148-2EB4D0CAFDE9}.Release|Any CPU.Build.0 = Release|Any CPU
		{08ABDA46-79CE-4D25-B4D7-3722BADCFB18}.Debug|Any CPU.ActiveCfg = Debug|Any CPU
		{08ABDA46-79CE-4D25-B4D7-3722BADCFB18}.Debug|Any CPU.Build.0 = Debug|Any CPU
		{08ABDA46-79CE-4D25-B4D7-3722BADCFB18}.Release|Any CPU.ActiveCfg = Release|Any CPU
		{08ABDA46-79CE-4D25-B4D7-3722BADCFB18}.Release|Any CPU.Build.0 = Release|Any CPU
		{B2ACE449-35B2-45DB-A313-3ADE4E82E83A}.Debug|Any CPU.ActiveCfg = Debug|Any CPU
		{B2ACE449-35B2-45DB-A313-3ADE4E82E83A}.Debug|Any CPU.Build.0 = Debug|Any CPU
		{B2ACE449-35B2-45DB-A313-3ADE4E82E83A}.Release|Any CPU.ActiveCfg = Release|Any CPU
		{B2ACE449-35B2-45DB-A313-3ADE4E82E83A}.Release|Any CPU.Build.0 = Release|Any CPU
		{D9243FFD-912E-4605-B2B1-6B6AD1974338}.Debug|Any CPU.ActiveCfg = Debug|Any CPU
		{D9243FFD-912E-4605-B2B1-6B6AD1974338}.Debug|Any CPU.Build.0 = Debug|Any CPU
		{D9243FFD-912E-4605-B2B1-6B6AD1974338}.Release|Any CPU.ActiveCfg = Release|Any CPU
		{D9243FFD-912E-4605-B2B1-6B6AD1974338}.Release|Any CPU.Build.0 = Release|Any CPU
	EndGlobalSection
	GlobalSection(SolutionProperties) = preSolution
		HideSolutionNode = FALSE
	EndGlobalSection
	GlobalSection(ExtensibilityGlobals) = postSolution
		SolutionGuid = {40599E7B-9DE1-4A19-89AA-9B691AD0256B}
	EndGlobalSection
EndGlobal
